
Microsoft Visual Studio Solution File, Format Version 12.00
# Visual Studio Version 17
VisualStudioVersion = 17.8.34227.203
MinimumVisualStudioVersion = 10.0.40219.1
Project("{FAE04EC0-301F-11D3-BF4B-00C04F79EFBC}") = "NativeAotTest", "NativeAotTest\NativeAotTest.csproj", "{860DB97B-99E0-4DB6-BEF0-4B570F1898FE}"
EndProject
Global
	GlobalSection(SolutionConfigurationPlatforms) = preSolution
		Debug|Any CPU = Debug|Any CPU
		Release|Any CPU = Release|Any CPU
	EndGlobalSection
	GlobalSection(ProjectConfigurationPlatforms) = postSolution
		{860DB97B-99E0-4DB6-BEF0-4B570F1898FE}.Debug|Any CPU.ActiveCfg = Debug|Any CPU
		{860DB97B-99E0-4DB6-BEF0-4B570F1898FE}.Debug|Any CPU.Build.0 = Debug|Any CPU
		{860DB97B-99E0-4DB6-BEF0-4B570F1898FE}.Release|Any CPU.ActiveCfg = Release|Any CPU
		{860DB97B-99E0-4DB6-BEF0-4B570F1898FE}.Release|Any CPU.Build.0 = Release|Any CPU
	EndGlobalSection
	GlobalSection(SolutionProperties) = preSolution
		HideSolutionNode = FALSE
	EndGlobalSection
	GlobalSection(ExtensibilityGlobals) = postSolution
		SolutionGuid = {E88155E7-AC6B-448F-9BC0-BFEE45FD409D}
	EndGlobalSection
EndGlobal
